{
  "name": "@aidbox/zen-cli",
  "version": "1.0.4",
  "lockfileVersion": 2,
  "requires": true,
  "packages": {
    "": {
      "name": "@aidbox/zen-cli",
      "version": "1.0.4",
      "license": "ISC",
      "dependencies": {
        "npm-java-runner": "1.0.2"
      },
      "bin": {
        "zen-cli": "index.js"
      }
    },
    "node_modules/npm-java-runner": {
      "version": "1.0.2",
      "resolved": "https://registry.npmjs.org/npm-java-runner/-/npm-java-runner-1.0.2.tgz",
      "integrity": "sha512-rbf77NAjOm9O1N/IOytA2sabV5uER03fnvNJVwSkQdqwhqsVM4E69Jchg8AdfoYatMY2GR/TmB5KXJY9G8LRYA=="
    }
  },
  "dependencies": {
    "npm-java-runner": {
      "version": "1.0.2",
      "resolved": "https://registry.npmjs.org/npm-java-runner/-/npm-java-runner-1.0.2.tgz",
      "integrity": "sha512-rbf77NAjOm9O1N/IOytA2sabV5uER03fnvNJVwSkQdqwhqsVM4E69Jchg8AdfoYatMY2GR/TmB5KXJY9G8LRYA=="
    }
  }
}
